
Microsoft Visual Studio Solution File, Format Version 12.00
# Visual Studio Version 17
VisualStudioVersion = 17.0.31903.59
MinimumVisualStudioVersion = 10.0.40219.1
Project("{2150E333-8FDC-42A3-9474-1A3956D46DE8}") = "src", "src", "{827E0CD3-B72D-47B6-A68D-7590B98EB39B}"
EndProject
Project("{2150E333-8FDC-42A3-9474-1A3956D46DE8}") = "Core", "Core", "{8D626EA8-CB54-BC41-363A-217881BEBA6E}"
EndProject
Project("{FAE04EC0-301F-11D3-BF4B-00C04F79EFBC}") = "Domain", "src\Core\Domain\Domain.csproj", "{A81C2DAB-4E03-4F7E-8255-4657622C1458}"
EndProject
Project("{FAE04EC0-301F-11D3-BF4B-00C04F79EFBC}") = "Application", "src\Core\Application\Application.csproj", "{9A9A4F41-7F1A-45BA-B83E-DA5FAE3B95E6}"
EndProject
Project("{2150E333-8FDC-42A3-9474-1A3956D46DE8}") = "Infrastructure", "Infrastructure", "{9048EB7F-3875-A59E-E36B-5BD4C6F2A282}"
EndProject
Project("{FAE04EC0-301F-11D3-BF4B-00C04F79EFBC}") = "Persistence", "src\Infrastructure\Persistence\Persistence.csproj", "{00B2CEE5-DF7D-4D36-B32E-06859A0A7DA5}"
EndProject
Project("{2150E333-8FDC-42A3-9474-1A3956D46DE8}") = "Presentation", "Presentation", "{6996BBF7-DB31-59BC-C7DD-9A7CCC6138C4}"
EndProject
Project("{FAE04EC0-301F-11D3-BF4B-00C04F79EFBC}") = "WebApi", "src\Presentation\WebApi\WebApi.csproj", "{24324592-5234-49C0-BC50-1195F1BF8265}"
EndProject
Global
	GlobalSection(SolutionConfigurationPlatforms) = preSolution
		Debug|Any CPU = Debug|Any CPU
		Debug|x64 = Debug|x64
		Debug|x86 = Debug|x86
		Release|Any CPU = Release|Any CPU
		Release|x64 = Release|x64
		Release|x86 = Release|x86
	EndGlobalSection
	GlobalSection(ProjectConfigurationPlatforms) = postSolution
		{A81C2DAB-4E03-4F7E-8255-4657622C1458}.Debug|Any CPU.ActiveCfg = Debug|Any CPU
		{A81C2DAB-4E03-4F7E-8255-4657622C1458}.Debug|Any CPU.Build.0 = Debug|Any CPU
		{A81C2DAB-4E03-4F7E-8255-4657622C1458}.Debug|x64.ActiveCfg = Debug|Any CPU
		{A81C2DAB-4E03-4F7E-8255-4657622C1458}.Debug|x64.Build.0 = Debug|Any CPU
		{A81C2DAB-4E03-4F7E-8255-4657622C1458}.Debug|x86.ActiveCfg = Debug|Any CPU
		{A81C2DAB-4E03-4F7E-8255-4657622C1458}.Debug|x86.Build.0 = Debug|Any CPU
		{A81C2DAB-4E03-4F7E-8255-4657622C1458}.Release|Any CPU.ActiveCfg = Release|Any CPU
		{A81C2DAB-4E03-4F7E-8255-4657622C1458}.Release|Any CPU.Build.0 = Release|Any CPU
		{A81C2DAB-4E03-4F7E-8255-4657622C1458}.Release|x64.ActiveCfg = Release|Any CPU
		{A81C2DAB-4E03-4F7E-8255-4657622C1458}.Release|x64.Build.0 = Release|Any CPU
		{A81C2DAB-4E03-4F7E-8255-4657622C1458}.Release|x86.ActiveCfg = Release|Any CPU
		{A81C2DAB-4E03-4F7E-8255-4657622C1458}.Release|x86.Build.0 = Release|Any CPU
		{9A9A4F41-7F1A-45BA-B83E-DA5FAE3B95E6}.Debug|Any CPU.ActiveCfg = Debug|Any CPU
		{9A9A4F41-7F1A-45BA-B83E-DA5FAE3B95E6}.Debug|Any CPU.Build.0 = Debug|Any CPU
		{9A9A4F41-7F1A-45BA-B83E-DA5FAE3B95E6}.Debug|x64.ActiveCfg = Debug|Any CPU
		{9A9A4F41-7F1A-45BA-B83E-DA5FAE3B95E6}.Debug|x64.Build.0 = Debug|Any CPU
		{9A9A4F41-7F1A-45BA-B83E-DA5FAE3B95E6}.Debug|x86.ActiveCfg = Debug|Any CPU
		{9A9A4F41-7F1A-45BA-B83E-DA5FAE3B95E6}.Debug|x86.Build.0 = Debug|Any CPU
		{9A9A4F41-7F1A-45BA-B83E-DA5FAE3B95E6}.Release|Any CPU.ActiveCfg = Release|Any CPU
		{9A9A4F41-7F1A-45BA-B83E-DA5FAE3B95E6}.Release|Any CPU.Build.0 = Release|Any CPU
		{9A9A4F41-7F1A-45BA-B83E-DA5FAE3B95E6}.Release|x64.ActiveCfg = Release|Any CPU
		{9A9A4F41-7F1A-45BA-B83E-DA5FAE3B95E6}.Release|x64.Build.0 = Release|Any CPU
		{9A9A4F41-7F1A-45BA-B83E-DA5FAE3B95E6}.Release|x86.ActiveCfg = Release|Any CPU
		{9A9A4F41-7F1A-45BA-B83E-DA5FAE3B95E6}.Release|x86.Build.0 = Release|Any CPU
		{00B2CEE5-DF7D-4D36-B32E-06859A0A7DA5}.Debug|Any CPU.ActiveCfg = Debug|Any CPU
		{00B2CEE5-DF7D-4D36-B32E-06859A0A7DA5}.Debug|Any CPU.Build.0 = Debug|Any CPU
		{00B2CEE5-DF7D-4D36-B32E-06859A0A7DA5}.Debug|x64.ActiveCfg = Debug|Any CPU
		{00B2CEE5-DF7D-4D36-B32E-06859A0A7DA5}.Debug|x64.Build.0 = Debug|Any CPU
		{00B2CEE5-DF7D-4D36-B32E-06859A0A7DA5}.Debug|x86.ActiveCfg = Debug|Any CPU
		{00B2CEE5-DF7D-4D36-B32E-06859A0A7DA5}.Debug|x86.Build.0 = Debug|Any CPU
		{00B2CEE5-DF7D-4D36-B32E-06859A0A7DA5}.Release|Any CPU.ActiveCfg = Release|Any CPU
		{00B2CEE5-DF7D-4D36-B32E-06859A0A7DA5}.Release|Any CPU.Build.0 = Release|Any CPU
		{00B2CEE5-DF7D-4D36-B32E-06859A0A7DA5}.Release|x64.ActiveCfg = Release|Any CPU
		{00B2CEE5-DF7D-4D36-B32E-06859A0A7DA5}.Release|x64.Build.0 = Release|Any CPU
		{00B2CEE5-DF7D-4D36-B32E-06859A0A7DA5}.Release|x86.ActiveCfg = Release|Any CPU
		{00B2CEE5-DF7D-4D36-B32E-06859A0A7DA5}.Release|x86.Build.0 = Release|Any CPU
		{24324592-5234-49C0-BC50-1195F1BF8265}.Debug|Any CPU.ActiveCfg = Debug|Any CPU
		{24324592-5234-49C0-BC50-1195F1BF8265}.Debug|Any CPU.Build.0 = Debug|Any CPU
		{24324592-5234-49C0-BC50-1195F1BF8265}.Debug|x64.ActiveCfg = Debug|Any CPU
		{24324592-5234-49C0-BC50-1195F1BF8265}.Debug|x64.Build.0 = Debug|Any CPU
		{24324592-5234-49C0-BC50-1195F1BF8265}.Debug|x86.ActiveCfg = Debug|Any CPU
		{24324592-5234-49C0-BC50-1195F1BF8265}.Debug|x86.Build.0 = Debug|Any CPU
		{24324592-5234-49C0-BC50-1195F1BF8265}.Release|Any CPU.ActiveCfg = Release|Any CPU
		{24324592-5234-49C0-BC50-1195F1BF8265}.Release|Any CPU.Build.0 = Release|Any CPU
		{24324592-5234-49C0-BC50-1195F1BF8265}.Release|x64.ActiveCfg = Release|Any CPU
		{24324592-5234-49C0-BC50-1195F1BF8265}.Release|x64.Build.0 = Release|Any CPU
		{24324592-5234-49C0-BC50-1195F1BF8265}.Release|x86.ActiveCfg = Release|Any CPU
		{24324592-5234-49C0-BC50-1195F1BF8265}.Release|x86.Build.0 = Release|Any CPU
	EndGlobalSection
	GlobalSection(SolutionProperties) = preSolution
		HideSolutionNode = FALSE
	EndGlobalSection
	GlobalSection(NestedProjects) = preSolution
		{8D626EA8-CB54-BC41-363A-217881BEBA6E} = {827E0CD3-B72D-47B6-A68D-7590B98EB39B}
		{A81C2DAB-4E03-4F7E-8255-4657622C1458} = {8D626EA8-CB54-BC41-363A-217881BEBA6E}
		{9A9A4F41-7F1A-45BA-B83E-DA5FAE3B95E6} = {8D626EA8-CB54-BC41-363A-217881BEBA6E}
		{9048EB7F-3875-A59E-E36B-5BD4C6F2A282} = {827E0CD3-B72D-47B6-A68D-7590B98EB39B}
		{00B2CEE5-DF7D-4D36-B32E-06859A0A7DA5} = {9048EB7F-3875-A59E-E36B-5BD4C6F2A282}
		{6996BBF7-DB31-59BC-C7DD-9A7CCC6138C4} = {827E0CD3-B72D-47B6-A68D-7590B98EB39B}
		{24324592-5234-49C0-BC50-1195F1BF8265} = {6996BBF7-DB31-59BC-C7DD-9A7CCC6138C4}
	EndGlobalSection
EndGlobal
